
Microsoft Visual Studio Solution File, Format Version 12.00
# Visual Studio 15
Project("{FAE04EC0-301F-11D3-BF4B-00C04F79EFBC}") = "GoogleMobileAds", "GoogleMobileAds.csproj", "{21A60363-DBBD-E107-AB4B-23101FCE46F7}"
EndProject
Project("{FAE04EC0-301F-11D3-BF4B-00C04F79EFBC}") = "Assembly-CSharp", "Assembly-CSharp.csproj", "{609BD8D0-2D75-B21E-A27C-0844C52678C9}"
EndProject
Project("{FAE04EC0-301F-11D3-BF4B-00C04F79EFBC}") = "GoogleMobileAds.Editor", "GoogleMobileAds.Editor.csproj", "{3997E5D8-13FA-749A-F929-729D6B291078}"
EndProject
Global
	GlobalSection(SolutionConfigurationPlatforms) = preSolution
		Debug|Any CPU = Debug|Any CPU
		Release|Any CPU = Release|Any CPU
	EndGlobalSection
	GlobalSection(ProjectConfigurationPlatforms) = postSolution
		{21A60363-DBBD-E107-AB4B-23101FCE46F7}.Debug|Any CPU.ActiveCfg = Debug|Any CPU
		{21A60363-DBBD-E107-AB4B-23101FCE46F7}.Debug|Any CPU.Build.0 = Debug|Any CPU
		{21A60363-DBBD-E107-AB4B-23101FCE46F7}.Release|Any CPU.ActiveCfg = Release|Any CPU
		{21A60363-DBBD-E107-AB4B-23101FCE46F7}.Release|Any CPU.Build.0 = Release|Any CPU
		{609BD8D0-2D75-B21E-A27C-0844C52678C9}.Debug|Any CPU.ActiveCfg = Debug|Any CPU
		{609BD8D0-2D75-B21E-A27C-0844C52678C9}.Debug|Any CPU.Build.0 = Debug|Any CPU
		{609BD8D0-2D75-B21E-A27C-0844C52678C9}.Release|Any CPU.ActiveCfg = Release|Any CPU
		{609BD8D0-2D75-B21E-A27C-0844C52678C9}.Release|Any CPU.Build.0 = Release|Any CPU
		{3997E5D8-13FA-749A-F929-729D6B291078}.Debug|Any CPU.ActiveCfg = Debug|Any CPU
		{3997E5D8-13FA-749A-F929-729D6B291078}.Debug|Any CPU.Build.0 = Debug|Any CPU
		{3997E5D8-13FA-749A-F929-729D6B291078}.Release|Any CPU.ActiveCfg = Release|Any CPU
		{3997E5D8-13FA-749A-F929-729D6B291078}.Release|Any CPU.Build.0 = Release|Any CPU
	EndGlobalSection
	GlobalSection(SolutionProperties) = preSolution
		HideSolutionNode = FALSE
	EndGlobalSection
EndGlobal
